
Microsoft Visual Studio Solution File, Format Version 12.00
# Visual Studio Version 17
VisualStudioVersion = 17.7.34031.279
MinimumVisualStudioVersion = 10.0.40219.1
Project("{FAE04EC0-301F-11D3-BF4B-00C04F79EFBC}") = "Workaround", "Workaround\Workaround.csproj", "{5771957C-09E0-4AE0-BC89-3724CE5CEABF}"
EndProject
Project("{FAE04EC0-301F-11D3-BF4B-00C04F79EFBC}") = "Entities", "Entities\Entities.csproj", "{CD88D20E-5F61-4FC9-BBD7-32646E12D6E0}"
EndProject
Project("{FAE04EC0-301F-11D3-BF4B-00C04F79EFBC}") = "Business", "Business\Business.csproj", "{8875F341-889B-498F-AA6D-2127902160CE}"
EndProject
Global
	GlobalSection(SolutionConfigurationPlatforms) = preSolution
		Debug|Any CPU = Debug|Any CPU
		Release|Any CPU = Release|Any CPU
	EndGlobalSection
	GlobalSection(ProjectConfigurationPlatforms) = postSolution
		{5771957C-09E0-4AE0-BC89-3724CE5CEABF}.Debug|Any CPU.ActiveCfg = Debug|Any CPU
		{5771957C-09E0-4AE0-BC89-3724CE5CEABF}.Debug|Any CPU.Build.0 = Debug|Any CPU
		{5771957C-09E0-4AE0-BC89-3724CE5CEABF}.Release|Any CPU.ActiveCfg = Release|Any CPU
		{5771957C-09E0-4AE0-BC89-3724CE5CEABF}.Release|Any CPU.Build.0 = Release|Any CPU
		{CD88D20E-5F61-4FC9-BBD7-32646E12D6E0}.Debug|Any CPU.ActiveCfg = Debug|Any CPU
		{CD88D20E-5F61-4FC9-BBD7-32646E12D6E0}.Debug|Any CPU.Build.0 = Debug|Any CPU
		{CD88D20E-5F61-4FC9-BBD7-32646E12D6E0}.Release|Any CPU.ActiveCfg = Release|Any CPU
		{CD88D20E-5F61-4FC9-BBD7-32646E12D6E0}.Release|Any CPU.Build.0 = Release|Any CPU
		{8875F341-889B-498F-AA6D-2127902160CE}.Debug|Any CPU.ActiveCfg = Debug|Any CPU
		{8875F341-889B-498F-AA6D-2127902160CE}.Debug|Any CPU.Build.0 = Debug|Any CPU
		{8875F341-889B-498F-AA6D-2127902160CE}.Release|Any CPU.ActiveCfg = Release|Any CPU
		{8875F341-889B-498F-AA6D-2127902160CE}.Release|Any CPU.Build.0 = Release|Any CPU
	EndGlobalSection
	GlobalSection(SolutionProperties) = preSolution
		HideSolutionNode = FALSE
	EndGlobalSection
	GlobalSection(ExtensibilityGlobals) = postSolution
		SolutionGuid = {0238E5B8-546F-4466-8FE3-1595CDD231C9}
	EndGlobalSection
EndGlobal
